
Microsoft Visual Studio Solution File, Format Version 12.00
# Visual Studio 15
VisualStudioVersion = 15.0.27703.2018
MinimumVisualStudioVersion = 10.0.40219.1
Project("{FAE04EC0-301F-11D3-BF4B-00C04F79EFBC}") = "TechSharpy.Entitifier", "TechSharpy.Entitifer\TechSharpy.Entitifier.csproj", "{789C0DA4-36ED-4C9D-BA1E-2BB662E05869}"
EndProject
Project("{FAE04EC0-301F-11D3-BF4B-00C04F79EFBC}") = "TechSharpy.Data", "C:\Users\sampatha\Documents\Visual Studio 2017\Projects\TechSharpy.Component\TechSharpy.Data\TechSharpy.Data.csproj", "{E4AC00F9-50DB-4975-A567-3412E5F89926}"
EndProject
Project("{FAE04EC0-301F-11D3-BF4B-00C04F79EFBC}") = "TechSharpy.Services", "TechSharpy.Services\TechSharpy.Services.csproj", "{686710CE-5A21-409D-8879-7FFE6F98F8FA}"
EndProject
Global
	GlobalSection(SolutionConfigurationPlatforms) = preSolution
		Debug|Any CPU = Debug|Any CPU
		Release|Any CPU = Release|Any CPU
	EndGlobalSection
	GlobalSection(ProjectConfigurationPlatforms) = postSolution
		{789C0DA4-36ED-4C9D-BA1E-2BB662E05869}.Debug|Any CPU.ActiveCfg = Debug|Any CPU
		{789C0DA4-36ED-4C9D-BA1E-2BB662E05869}.Debug|Any CPU.Build.0 = Debug|Any CPU
		{789C0DA4-36ED-4C9D-BA1E-2BB662E05869}.Release|Any CPU.ActiveCfg = Release|Any CPU
		{789C0DA4-36ED-4C9D-BA1E-2BB662E05869}.Release|Any CPU.Build.0 = Release|Any CPU
		{E4AC00F9-50DB-4975-A567-3412E5F89926}.Debug|Any CPU.ActiveCfg = Debug|Any CPU
		{E4AC00F9-50DB-4975-A567-3412E5F89926}.Debug|Any CPU.Build.0 = Debug|Any CPU
		{E4AC00F9-50DB-4975-A567-3412E5F89926}.Release|Any CPU.ActiveCfg = Release|Any CPU
		{E4AC00F9-50DB-4975-A567-3412E5F89926}.Release|Any CPU.Build.0 = Release|Any CPU
		{686710CE-5A21-409D-8879-7FFE6F98F8FA}.Debug|Any CPU.ActiveCfg = Debug|Any CPU
		{686710CE-5A21-409D-8879-7FFE6F98F8FA}.Debug|Any CPU.Build.0 = Debug|Any CPU
		{686710CE-5A21-409D-8879-7FFE6F98F8FA}.Release|Any CPU.ActiveCfg = Release|Any CPU
		{686710CE-5A21-409D-8879-7FFE6F98F8FA}.Release|Any CPU.Build.0 = Release|Any CPU
	EndGlobalSection
	GlobalSection(SolutionProperties) = preSolution
		HideSolutionNode = FALSE
	EndGlobalSection
	GlobalSection(ExtensibilityGlobals) = postSolution
		SolutionGuid = {9706CC2D-5AB2-497D-A58D-13A2B073A044}
	EndGlobalSection
EndGlobal
